// !$*UTF8*$!
{
	archiveVersion = 1;
	classes = {
	};
	objectVersion = 77;
	objects = {

/* Begin PBXBuildFile section */
		A6A098E42E7FD06B00840728 /* AlanAI in Frameworks */ = {isa = PBXBuildFile; productRef = A6A098E32E7FD06B00840728 /* AlanAI */; };
/* End PBXBuildFile section */

/* Begin PBXContainerItemProxy section */
		A6A098C62E7FD05F00840728 /* PBXContainerItemProxy */ = {
			isa = PBXContainerItemProxy;
			containerPortal = A6A098B02E7FD05E00840728 /* Project object */;
			proxyType = 1;
			remoteGlobalIDString = A6A098B72E7FD05E00840728;
			remoteInfo = AlanAIExample;
		};
		A6A098D02E7FD05F00840728 /* PBXContainerItemProxy */ = {
			isa = PBXContainerItemProxy;
			containerPortal = A6A098B02E7FD05E00840728 /* Project object */;
			proxyType = 1;
			remoteGlobalIDString = A6A098B72E7FD05E00840728;
			remoteInfo = AlanAIExample;
		};
/* End PBXContainerItemProxy section */

/* Begin PBXFileReference section */
		A6A098B82E7FD05E00840728 /* AlanAIExample.app */ = {isa = PBXFileReference; explicitFileType = wrapper.application; includeInIndex = 0; path = AlanAIExample.app; sourceTree = BUILT_PRODUCTS_DIR; };
		A6A098C52E7FD05F00840728 /* AlanAIExampleTests.xctest */ = {isa = PBXFileReference; explicitFileType = wrapper.cfbundle; includeInIndex = 0; path = AlanAIExampleTests.xctest; sourceTree = BUILT_PRODUCTS_DIR; };
		A6A098CF2E7FD05F00840728 /* AlanAIExampleUITests.xctest */ = {isa = PBXFileReference; explicitFileType = wrapper.cfbundle; includeInIndex = 0; path = AlanAIExampleUITests.xctest; sourceTree = BUILT_PRODUCTS_DIR; };
/* End PBXFileReference section */

/* Begin PBXFileSystemSynchronizedRootGroup section */
		A6A098BA2E7FD05E00840728 /* AlanAIExample */ = {
			isa = PBXFileSystemSynchronizedRootGroup;
			path = AlanAIExample;
			sourceTree = "<group>";
		};
		A6A098C82E7FD05F00840728 /* AlanAIExampleTests */ = {
			isa = PBXFileSystemSynchronizedRootGroup;
			path = AlanAIExampleTests;
			sourceTree = "<group>";
		};
		A6A098D22E7FD05F00840728 /* AlanAIExampleUITests */ = {
			isa = PBXFileSystemSynchronizedRootGroup;
			path = AlanAIExampleUITests;
			sourceTree = "<group>";
		};
/* End PBXFileSystemSynchronizedRootGroup section */

/* Begin PBXFrameworksBuildPhase section */
		A6A098B52E7FD05E00840728 /* Frameworks */ = {
			isa = PBXFrameworksBuildPhase;
			buildActionMask = 2147483647;
			files = (
				A6A098E42E7FD06B00840728 /* AlanAI in Frameworks */,
			);
			runOnlyForDeploymentPostprocessing = 0;
		};
		A6A098C22E7FD05F00840728 /* Frameworks */ = {
			isa = PBXFrameworksBuildPhase;
			buildActionMask = 2147483647;
			files = (
			);
			runOnlyForDeploymentPostprocessing = 0;
		};
		A6A098CC2E7FD05F00840728 /* Frameworks */ = {
			isa = PBXFrameworksBuildPhase;
			buildActionMask = 2147483647;
			files = (
			);
			runOnlyForDeploymentPostprocessing = 0;
		};
/* End PBXFrameworksBuildPhase section */

/* Begin PBXGroup section */
		A6A098AF2E7FD05E00840728 = {
			isa = PBXGroup;
			children = (
				A6A098BA2E7FD05E00840728 /* AlanAIExample */,
				A6A098C82E7FD05F00840728 /* AlanAIExampleTests */,
				A6A098D22E7FD05F00840728 /* AlanAIExampleUITests */,
				A6A098E22E7FD06B00840728 /* Frameworks */,
				A6A098B92E7FD05E00840728 /* Products */,
			);
			sourceTree = "<group>";
		};
		A6A098B92E7FD05E00840728 /* Products */ = {
			isa = PBXGroup;
			children = (
				A6A098B82E7FD05E00840728 /* AlanAIExample.app */,
				A6A098C52E7FD05F00840728 /* AlanAIExampleTests.xctest */,
				A6A098CF2E7FD05F00840728 /* AlanAIExampleUITests.xctest */,
			);
			name = Products;
			sourceTree = "<group>";
		};
		A6A098E22E7FD06B00840728 /* Frameworks */ = {
			isa = PBXGroup;
			children = (
			);
			name = Frameworks;
			sourceTree = "<group>";
		};
/* End PBXGroup section */

/* Begin PBXNativeTarget section */
		A6A098B72E7FD05E00840728 /* AlanAIExample */ = {
			isa = PBXNativeTarget;
			buildConfigurationList = A6A098D92E7FD05F00840728 /* Build configuration list for PBXNativeTarget "AlanAIExample" */;
			buildPhases = (
				A6A098B42E7FD05E00840728 /* Sources */,
				A6A098B52E7FD05E00840728 /* Frameworks */,
				A6A098B62E7FD05E00840728 /* Resources */,
			);
			buildRules = (
			);
			dependencies = (
			);
			fileSystemSynchronizedGroups = (
				A6A098BA2E7FD05E00840728 /* AlanAIExample */,
			);
			name = AlanAIExample;
			packageProductDependencies = (
				A6A098E32E7FD06B00840728 /* AlanAI */,
			);
			productName = AlanAIExample;
			productReference = A6A098B82E7FD05E00840728 /* AlanAIExample.app */;
			productType = "com.apple.product-type.application";
		};
		A6A098C42E7FD05F00840728 /* AlanAIExampleTests */ = {
			isa = PBXNativeTarget;
			buildConfigurationList = A6A098DC2E7FD05F00840728 /* Build configuration list for PBXNativeTarget "AlanAIExampleTests" */;
			buildPhases = (
				A6A098C12E7FD05F00840728 /* Sources */,
				A6A098C22E7FD05F00840728 /* Frameworks */,
				A6A098C32E7FD05F00840728 /* Resources */,
			);
			buildRules = (
			);
			dependencies = (
				A6A098C72E7FD05F00840728 /* PBXTargetDependency */,
			);
			fileSystemSynchronizedGroups = (
				A6A098C82E7FD05F00840728 /* AlanAIExampleTests */,
			);
			name = AlanAIExampleTests;
			packageProductDependencies = (
			);
			productName = AlanAIExampleTests;
			productReference = A6A098C52E7FD05F00840728 /* AlanAIExampleTests.xctest */;
			productType = "com.apple.product-type.bundle.unit-test";
		};
		A6A098CE2E7FD05F00840728 /* AlanAIExampleUITests */ = {
			isa = PBXNativeTarget;
			buildConfigurationList = A6A098DF2E7FD05F00840728 /* Build configuration list for PBXNativeTarget "AlanAIExampleUITests" */;
			buildPhases = (
				A6A098CB2E7FD05F00840728 /* Sources */,
				A6A098CC2E7FD05F00840728 /* Frameworks */,
				A6A098CD2E7FD05F00840728 /* Resources */,
			);
			buildRules = (
			);
			dependencies = (
				A6A098D12E7FD05F00840728 /* PBXTargetDependency */,
			);
			fileSystemSynchronizedGroups = (
				A6A098D22E7FD05F00840728 /* AlanAIExampleUITests */,
			);
			name = AlanAIExampleUITests;
			packageProductDependencies = (
			);
			productName = AlanAIExampleUITests;
			productReference = A6A098CF2E7FD05F00840728 /* AlanAIExampleUITests.xctest */;
			productType = "com.apple.product-type.bundle.ui-testing";
		};
/* End PBXNativeTarget section */

/* Begin PBXProject section */
		A6A098B02E7FD05E00840728 /* Project object */ = {
			isa = PBXProject;
			attributes = {
				BuildIndependentTargetsInParallel = 1;
				LastSwiftUpdateCheck = 2600;
				LastUpgradeCheck = 2600;
				TargetAttributes = {
					A6A098B72E7FD05E00840728 = {
						CreatedOnToolsVersion = 26.0;
					};
					A6A098C42E7FD05F00840728 = {
						CreatedOnToolsVersion = 26.0;
						TestTargetID = A6A098B72E7FD05E00840728;
					};
					A6A098CE2E7FD05F00840728 = {
						CreatedOnToolsVersion = 26.0;
						TestTargetID = A6A098B72E7FD05E00840728;
					};
				};
			};
			buildConfigurationList = A6A098B32E7FD05E00840728 /* Build configuration list for PBXProject "AlanAIExample" */;
			developmentRegion = en;
			hasScannedForEncodings = 0;
			knownRegions = (
				en,
				Base,
			);
			mainGroup = A6A098AF2E7FD05E00840728;
			minimizedProjectReferenceProxies = 1;
			preferredProjectObjectVersion = 77;
			productRefGroup = A6A098B92E7FD05E00840728 /* Products */;
			projectDirPath = "";
			projectRoot = "";
			targets = (
				A6A098B72E7FD05E00840728 /* AlanAIExample */,
				A6A098C42E7FD05F00840728 /* AlanAIExampleTests */,
				A6A098CE2E7FD05F00840728 /* AlanAIExampleUITests */,
			);
		};
/* End PBXProject section */

/* Begin PBXResourcesBuildPhase section */
		A6A098B62E7FD05E00840728 /* Resources */ = {
			isa = PBXResourcesBuildPhase;
			buildActionMask = 2147483647;
			files = (
			);
			runOnlyForDeploymentPostprocessing = 0;
		};
		A6A098C32E7FD05F00840728 /* Resources */ = {
			isa = PBXResourcesBuildPhase;
			buildActionMask = 2147483647;
			files = (
			);
			runOnlyForDeploymentPostprocessing = 0;
		};
		A6A098CD2E7FD05F00840728 /* Resources */ = {
			isa = PBXResourcesBuildPhase;
			buildActionMask = 2147483647;
			files = (
			);
			runOnlyForDeploymentPostprocessing = 0;
		};
/* End PBXResourcesBuildPhase section */

/* Begin PBXSourcesBuildPhase section */
		A6A098B42E7FD05E00840728 /* Sources */ = {
			isa = PBXSourcesBuildPhase;
			buildActionMask = 2147483647;
			files = (
			);
			runOnlyForDeploymentPostprocessing = 0;
		};
		A6A098C12E7FD05F00840728 /* Sources */ = {
			isa = PBXSourcesBuildPhase;
			buildActionMask = 2147483647;
			files = (
			);
			runOnlyForDeploymentPostprocessing = 0;
		};
		A6A098CB2E7FD05F00840728 /* Sources */ = {
			isa = PBXSourcesBuildPhase;
			buildActionMask = 2147483647;
			files = (
			);
			runOnlyForDeploymentPostprocessing = 0;
		};
/* End PBXSourcesBuildPhase section */

/* Begin PBXTargetDependency section */
		A6A098C72E7FD05F00840728 /* PBXTargetDependency */ = {
			isa = PBXTargetDependency;
			target = A6A098B72E7FD05E00840728 /* AlanAIExample */;
			targetProxy = A6A098C62E7FD05F00840728 /* PBXContainerItemProxy */;
		};
		A6A098D12E7FD05F00840728 /* PBXTargetDependency */ = {
			isa = PBXTargetDependency;
			target = A6A098B72E7FD05E00840728 /* AlanAIExample */;
			targetProxy = A6A098D02E7FD05F00840728 /* PBXContainerItemProxy */;
		};
/* End PBXTargetDependency section */

/* Begin XCBuildConfiguration section */
		A6A098D72E7FD05F00840728 /* Debug */ = {
			isa = XCBuildConfiguration;
			buildSettings = {
				ALWAYS_SEARCH_USER_PATHS = NO;
				ASSETCATALOG_COMPILER_GENERATE_SWIFT_ASSET_SYMBOL_EXTENSIONS = YES;
				CLANG_ANALYZER_NONNULL = YES;
				CLANG_ANALYZER_NUMBER_OBJECT_CONVERSION = YES_AGGRESSIVE;
				CLANG_CXX_LANGUAGE_STANDARD = "gnu++20";
				CLANG_ENABLE_MODULES = YES;
				CLANG_ENABLE_OBJC_ARC = YES;
				CLANG_ENABLE_OBJC_WEAK = YES;
				CLANG_WARN_BLOCK_CAPTURE_AUTORELEASING = YES;
				CLANG_WARN_BOOL_CONVERSION = YES;
				CLANG_WARN_COMMA = YES;
				CLANG_WARN_CONSTANT_CONVERSION = YES;
				CLANG_WARN_DEPRECATED_OBJC_IMPLEMENTATIONS = YES;
				CLANG_WARN_DIRECT_OBJC_ISA_USAGE = YES_ERROR;
				CLANG_WARN_DOCUMENTATION_COMMENTS = YES;
				CLANG_WARN_EMPTY_BODY = YES;
				CLANG_WARN_ENUM_CONVERSION = YES;
				CLANG_WARN_INFINITE_RECURSION = YES;
				CLANG_WARN_INT_CONVERSION = YES;
				CLANG_WARN_NON_LITERAL_NULL_CONVERSION = YES;
				CLANG_WARN_OBJC_IMPLICIT_RETAIN_SELF = YES;
				CLANG_WARN_OBJC_LITERAL_CONVERSION = YES;
				CLANG_WARN_OBJC_ROOT_CLASS = YES_ERROR;
				CLANG_WARN_QUOTED_INCLUDE_IN_FRAMEWORK_HEADER = YES;
				CLANG_WARN_RANGE_LOOP_ANALYSIS = YES;
				CLANG_WARN_STRICT_PROTOTYPES = YES;
				CLANG_WARN_SUSPICIOUS_MOVE = YES;
				CLANG_WARN_UNGUARDED_AVAILABILITY = YES_AGGRESSIVE;
				CLANG_WARN_UNREACHABLE_CODE = YES;
				CLANG_WARN__DUPLICATE_METHOD_MATCH = YES;
				COPY_PHASE_STRIP = NO;
				DEBUG_INFORMATION_FORMAT = dwarf;
				ENABLE_STRICT_OBJC_MSGSEND = YES;
				ENABLE_TESTABILITY = YES;
				ENABLE_USER_SCRIPT_SANDBOXING = YES;
				GCC_C_LANGUAGE_STANDARD = gnu17;
				GCC_DYNAMIC_NO_PIC = NO;
				GCC_NO_COMMON_BLOCKS = YES;
				GCC_OPTIMIZATION_LEVEL = 0;
				GCC_PREPROCESSOR_DEFINITIONS = (
					"DEBUG=1",
					"$(inherited)",
				);
				GCC_WARN_64_TO_32_BIT_CONVERSION = YES;
				GCC_WARN_ABOUT_RETURN_TYPE = YES_ERROR;
				GCC_WARN_UNDECLARED_SELECTOR = YES;
				GCC_WARN_UNINITIALIZED_AUTOS = YES_AGGRESSIVE;
				GCC_WARN_UNUSED_FUNCTION = YES;
				GCC_WARN_UNUSED_VARIABLE = YES;
				IPHONEOS_DEPLOYMENT_TARGET = 26.0;
				LOCALIZATION_PREFERS_STRING_CATALOGS = YES;
				MTL_ENABLE_DEBUG_INFO = INCLUDE_SOURCE;
				MTL_FAST_MATH = YES;
				ONLY_ACTIVE_ARCH = YES;
				SDKROOT = iphoneos;
				SWIFT_ACTIVE_COMPILATION_CONDITIONS = "DEBUG $(inherited)";
				SWIFT_OPTIMIZATION_LEVEL = "-Onone";
			};
			name = Debug;
		};
		A6A098D82E7FD05F00840728 /* Release */ = {
			isa = XCBuildConfiguration;
			buildSettings = {
				ALWAYS_SEARCH_USER_PATHS = NO;
				ASSETCATALOG_COMPILER_GENERATE_SWIFT_ASSET_SYMBOL_EXTENSIONS = YES;
				CLANG_ANALYZER_NONNULL = YES;
				CLANG_ANALYZER_NUMBER_OBJECT_CONVERSION = YES_AGGRESSIVE;
				CLANG_CXX_LANGUAGE_STANDARD = "gnu++20";
				CLANG_ENABLE_MODULES = YES;
				CLANG_ENABLE_OBJC_ARC = YES;
				CLANG_ENABLE_OBJC_WEAK = YES;
				CLANG_WARN_BLOCK_CAPTURE_AUTORELEASING = YES;
				CLANG_WARN_BOOL_CONVERSION = YES;
				CLANG_WARN_COMMA = YES;
				CLANG_WARN_CONSTANT_CONVERSION = YES;
				CLANG_WARN_DEPRECATED_OBJC_IMPLEMENTATIONS = YES;
				CLANG_WARN_DIRECT_OBJC_ISA_USAGE = YES_ERROR;
				CLANG_WARN_DOCUMENTATION_COMMENTS = YES;
				CLANG_WARN_EMPTY_BODY = YES;
				CLANG_WARN_ENUM_CONVERSION = YES;
				CLANG_WARN_INFINITE_RECURSION = YES;
				CLANG_WARN_INT_CONVERSION = YES;
				CLANG_WARN_NON_LITERAL_NULL_CONVERSION = YES;
				CLANG_WARN_OBJC_IMPLICIT_RETAIN_SELF = YES;
				CLANG_WARN_OBJC_LITERAL_CONVERSION = YES;
				CLANG_WARN_OBJC_ROOT_CLASS = YES_ERROR;
				CLANG_WARN_QUOTED_INCLUDE_IN_FRAMEWORK_HEADER = YES;
				CLANG_WARN_RANGE_LOOP_ANALYSIS = YES;
				CLANG_WARN_STRICT_PROTOTYPES = YES;
				CLANG_WARN_SUSPICIOUS_MOVE = YES;
				CLANG_WARN_UNGUARDED_AVAILABILITY = YES_AGGRESSIVE;
				CLANG_WARN_UNREACHABLE_CODE = YES;
				CLANG_WARN__DUPLICATE_METHOD_MATCH = YES;
				COPY_PHASE_STRIP = NO;
				DEBUG_INFORMATION_FORMAT = "dwarf-with-dsym";
				ENABLE_NS_ASSERTIONS = NO;
				ENABLE_STRICT_OBJC_MSGSEND = YES;
				ENABLE_USER_SCRIPT_SANDBOXING = YES;
				GCC_C_LANGUAGE_STANDARD = gnu17;
				GCC_NO_COMMON_BLOCKS = YES;
				GCC_WARN_64_TO_32_BIT_CONVERSION = YES;
				GCC_WARN_ABOUT_RETURN_TYPE = YES_ERROR;
				GCC_WARN_UNDECLARED_SELECTOR = YES;
				GCC_WARN_UNINITIALIZED_AUTOS = YES_AGGRESSIVE;
				GCC_WARN_UNUSED_FUNCTION = YES;
				GCC_WARN_UNUSED_VARIABLE = YES;
				IPHONEOS_DEPLOYMENT_TARGET = 26.0;
				LOCALIZATION_PREFERS_STRING_CATALOGS = YES;
				MTL_ENABLE_DEBUG_INFO = NO;
				MTL_FAST_MATH = YES;
				SDKROOT = iphoneos;
				SWIFT_COMPILATION_MODE = wholemodule;
				VALIDATE_PRODUCT = YES;
			};
			name = Release;
		};
		A6A098DA2E7FD05F00840728 /* Debug */ = {
			isa = XCBuildConfiguration;
			buildSettings = {
				ASSETCATALOG_COMPILER_APPICON_NAME = AppIcon;
				ASSETCATALOG_COMPILER_GLOBAL_ACCENT_COLOR_NAME = AccentColor;
				CODE_SIGN_STYLE = Automatic;
				CURRENT_PROJECT_VERSION = 1;
				ENABLE_PREVIEWS = YES;
				GENERATE_INFOPLIST_FILE = YES;
				INFOPLIST_KEY_UIApplicationSceneManifest_Generation = YES;
				INFOPLIST_KEY_UIApplicationSupportsIndirectInputEvents = YES;
				INFOPLIST_KEY_UILaunchScreen_Generation = YES;
				INFOPLIST_KEY_UISupportedInterfaceOrientations_iPad = "UIInterfaceOrientationPortrait UIInterfaceOrientationPortraitUpsideDown UIInterfaceOrientationLandscapeLeft UIInterfaceOrientationLandscapeRight";
				INFOPLIST_KEY_UISupportedInterfaceOrientations_iPhone = "UIInterfaceOrientationPortrait UIInterfaceOrientationLandscapeLeft UIInterfaceOrientationLandscapeRight";
				LD_RUNPATH_SEARCH_PATHS = (
					"$(inherited)",
					"@executable_path/Frameworks",
				);
				MARKETING_VERSION = 1.0;
				PRODUCT_BUNDLE_IDENTIFIER = edu.estcamp.AlanAIExample;
				PRODUCT_NAME = "$(TARGET_NAME)";
				STRING_CATALOG_GENERATE_SYMBOLS = YES;
				SWIFT_APPROACHABLE_CONCURRENCY = YES;
				SWIFT_DEFAULT_ACTOR_ISOLATION = MainActor;
				SWIFT_EMIT_LOC_STRINGS = YES;
				SWIFT_UPCOMING_FEATURE_MEMBER_IMPORT_VISIBILITY = YES;
				SWIFT_VERSION = 5.0;
				TARGETED_DEVICE_FAMILY = "1,2";
			};
			name = Debug;
		};
		A6A098DB2E7FD05F00840728 /* Release */ = {
			isa = XCBuildConfiguration;
			buildSettings = {
				ASSETCATALOG_COMPILER_APPICON_NAME = AppIcon;
				ASSETCATALOG_COMPILER_GLOBAL_ACCENT_COLOR_NAME = AccentColor;
				CODE_SIGN_STYLE = Automatic;
				CURRENT_PROJECT_VERSION = 1;
				ENABLE_PREVIEWS = YES;
				GENERATE_INFOPLIST_FILE = YES;
				INFOPLIST_KEY_UIApplicationSceneManifest_Generation = YES;
				INFOPLIST_KEY_UIApplicationSupportsIndirectInputEvents = YES;
				INFOPLIST_KEY_UILaunchScreen_Generation = YES;
				INFOPLIST_KEY_UISupportedInterfaceOrientations_iPad = "UIInterfaceOrientationPortrait UIInterfaceOrientationPortraitUpsideDown UIInterfaceOrientationLandscapeLeft UIInterfaceOrientationLandscapeRight";
				INFOPLIST_KEY_UISupportedInterfaceOrientations_iPhone = "UIInterfaceOrientationPortrait UIInterfaceOrientationLandscapeLeft UIInterfaceOrientationLandscapeRight";
				LD_RUNPATH_SEARCH_PATHS = (
					"$(inherited)",
					"@executable_path/Frameworks",
				);
				MARKETING_VERSION = 1.0;
				PRODUCT_BUNDLE_IDENTIFIER = edu.estcamp.AlanAIExample;
				PRODUCT_NAME = "$(TARGET_NAME)";
				STRING_CATALOG_GENERATE_SYMBOLS = YES;
				SWIFT_APPROACHABLE_CONCURRENCY = YES;
				SWIFT_DEFAULT_ACTOR_ISOLATION = MainActor;
				SWIFT_EMIT_LOC_STRINGS = YES;
				SWIFT_UPCOMING_FEATURE_MEMBER_IMPORT_VISIBILITY = YES;
				SWIFT_VERSION = 5.0;
				TARGETED_DEVICE_FAMILY = "1,2";
			};
			name = Release;
		};
		A6A098DD2E7FD05F00840728 /* Debug */ = {
			isa = XCBuildConfiguration;
			buildSettings = {
				BUNDLE_LOADER = "$(TEST_HOST)";
				CODE_SIGN_STYLE = Automatic;
				CURRENT_PROJECT_VERSION = 1;
				GENERATE_INFOPLIST_FILE = YES;
				IPHONEOS_DEPLOYMENT_TARGET = 26.0;
				MARKETING_VERSION = 1.0;
				PRODUCT_BUNDLE_IDENTIFIER = edu.estcamp.AlanAIExampleTests;
				PRODUCT_NAME = "$(TARGET_NAME)";
				STRING_CATALOG_GENERATE_SYMBOLS = NO;
				SWIFT_APPROACHABLE_CONCURRENCY = YES;
				SWIFT_EMIT_LOC_STRINGS = NO;
				SWIFT_UPCOMING_FEATURE_MEMBER_IMPORT_VISIBILITY = YES;
				SWIFT_VERSION = 5.0;
				TARGETED_DEVICE_FAMILY = "1,2";
				TEST_HOST = "$(BUILT_PRODUCTS_DIR)/AlanAIExample.app/$(BUNDLE_EXECUTABLE_FOLDER_PATH)/AlanAIExample";
			};
			name = Debug;
		};
		A6A098DE2E7FD05F00840728 /* Release */ = {
			isa = XCBuildConfiguration;
			buildSettings = {
				BUNDLE_LOADER = "$(TEST_HOST)";
				CODE_SIGN_STYLE = Automatic;
				CURRENT_PROJECT_VERSION = 1;
				GENERATE_INFOPLIST_FILE = YES;
				IPHONEOS_DEPLOYMENT_TARGET = 26.0;
				MARKETING_VERSION = 1.0;
				PRODUCT_BUNDLE_IDENTIFIER = edu.estcamp.AlanAIExampleTests;
				PRODUCT_NAME = "$(TARGET_NAME)";
				STRING_CATALOG_GENERATE_SYMBOLS = NO;
				SWIFT_APPROACHABLE_CONCURRENCY = YES;
				SWIFT_EMIT_LOC_STRINGS = NO;
				SWIFT_UPCOMING_FEATURE_MEMBER_IMPORT_VISIBILITY = YES;
				SWIFT_VERSION = 5.0;
				TARGETED_DEVICE_FAMILY = "1,2";
				TEST_HOST = "$(BUILT_PRODUCTS_DIR)/AlanAIExample.app/$(BUNDLE_EXECUTABLE_FOLDER_PATH)/AlanAIExample";
			};
			name = Release;
		};
		A6A098E02E7FD05F00840728 /* Debug */ = {
			isa = XCBuildConfiguration;
			buildSettings = {
				CODE_SIGN_STYLE = Automatic;
				CURRENT_PROJECT_VERSION = 1;
				GENERATE_INFOPLIST_FILE = YES;
				MARKETING_VERSION = 1.0;
				PRODUCT_BUNDLE_IDENTIFIER = edu.estcamp.AlanAIExampleUITests;
				PRODUCT_NAME = "$(TARGET_NAME)";
				STRING_CATALOG_GENERATE_SYMBOLS = NO;
				SWIFT_APPROACHABLE_CONCURRENCY = YES;
				SWIFT_EMIT_LOC_STRINGS = NO;
				SWIFT_UPCOMING_FEATURE_MEMBER_IMPORT_VISIBILITY = YES;
				SWIFT_VERSION = 5.0;
				TARGETED_DEVICE_FAMILY = "1,2";
				TEST_TARGET_NAME = AlanAIExample;
			};
			name = Debug;
		};
		A6A098E12E7FD05F00840728 /* Release */ = {
			isa = XCBuildConfiguration;
			buildSettings = {
				CODE_SIGN_STYLE = Automatic;
				CURRENT_PROJECT_VERSION = 1;
				GENERATE_INFOPLIST_FILE = YES;
				MARKETING_VERSION = 1.0;
				PRODUCT_BUNDLE_IDENTIFIER = edu.estcamp.AlanAIExampleUITests;
				PRODUCT_NAME = "$(TARGET_NAME)";
				STRING_CATALOG_GENERATE_SYMBOLS = NO;
				SWIFT_APPROACHABLE_CONCURRENCY = YES;
				SWIFT_EMIT_LOC_STRINGS = NO;
				SWIFT_UPCOMING_FEATURE_MEMBER_IMPORT_VISIBILITY = YES;
				SWIFT_VERSION = 5.0;
				TARGETED_DEVICE_FAMILY = "1,2";
				TEST_TARGET_NAME = AlanAIExample;
			};
			name = Release;
		};
/* End XCBuildConfiguration section */

/* Begin XCConfigurationList section */
		A6A098B32E7FD05E00840728 /* Build configuration list for PBXProject "AlanAIExample" */ = {
			isa = XCConfigurationList;
			buildConfigurations = (
				A6A098D72E7FD05F00840728 /* Debug */,
				A6A098D82E7FD05F00840728 /* Release */,
			);
			defaultConfigurationIsVisible = 0;
			defaultConfigurationName = Release;
		};
		A6A098D92E7FD05F00840728 /* Build configuration list for PBXNativeTarget "AlanAIExample" */ = {
			isa = XCConfigurationList;
			buildConfigurations = (
				A6A098DA2E7FD05F00840728 /* Debug */,
				A6A098DB2E7FD05F00840728 /* Release */,
			);
			defaultConfigurationIsVisible = 0;
			defaultConfigurationName = Release;
		};
		A6A098DC2E7FD05F00840728 /* Build configuration list for PBXNativeTarget "AlanAIExampleTests" */ = {
			isa = XCConfigurationList;
			buildConfigurations = (
				A6A098DD2E7FD05F00840728 /* Debug */,
				A6A098DE2E7FD05F00840728 /* Release */,
			);
			defaultConfigurationIsVisible = 0;
			defaultConfigurationName = Release;
		};
		A6A098DF2E7FD05F00840728 /* Build configuration list for PBXNativeTarget "AlanAIExampleUITests" */ = {
			isa = XCConfigurationList;
			buildConfigurations = (
				A6A098E02E7FD05F00840728 /* Debug */,
				A6A098E12E7FD05F00840728 /* Release */,
			);
			defaultConfigurationIsVisible = 0;
			defaultConfigurationName = Release;
		};
/* End XCConfigurationList section */

/* Begin XCSwiftPackageProductDependency section */
		A6A098E32E7FD06B00840728 /* AlanAI */ = {
			isa = XCSwiftPackageProductDependency;
			productName = AlanAI;
		};
/* End XCSwiftPackageProductDependency section */
	};
	rootObject = A6A098B02E7FD05E00840728 /* Project object */;
}
